
Microsoft Visual Studio Solution File, Format Version 12.00
# Visual Studio Version 16
VisualStudioVersion = 16.0.30011.22
MinimumVisualStudioVersion = 10.0.40219.1
Project("{FAE04EC0-301F-11D3-BF4B-00C04F79EFBC}") = "TypedXmlData", "TypedXmlData\TypedXmlData.csproj", "{86B3882E-8611-415A-95C2-217B281C5CCA}"
EndProject
Global
	GlobalSection(SolutionConfigurationPlatforms) = preSolution
		Debug|Any CPU = Debug|Any CPU
		Release|Any CPU = Release|Any CPU
	EndGlobalSection
	GlobalSection(ProjectConfigurationPlatforms) = postSolution
		{86B3882E-8611-415A-95C2-217B281C5CCA}.Debug|Any CPU.ActiveCfg = Debug|Any CPU
		{86B3882E-8611-415A-95C2-217B281C5CCA}.Debug|Any CPU.Build.0 = Debug|Any CPU
		{86B3882E-8611-415A-95C2-217B281C5CCA}.Release|Any CPU.ActiveCfg = Release|Any CPU
		{86B3882E-8611-415A-95C2-217B281C5CCA}.Release|Any CPU.Build.0 = Release|Any CPU
	EndGlobalSection
	GlobalSection(SolutionProperties) = preSolution
		HideSolutionNode = FALSE
	EndGlobalSection
	GlobalSection(ExtensibilityGlobals) = postSolution
		SolutionGuid = {0CC4C7FC-73FC-46FD-AD70-087C005034E7}
	EndGlobalSection
EndGlobal
