
Microsoft Visual Studio Solution File, Format Version 12.00
# Visual Studio Version 16
VisualStudioVersion = 16.0.30011.22
MinimumVisualStudioVersion = 10.0.40219.1
Project("{FAE04EC0-301F-11D3-BF4B-00C04F79EFBC}") = "GenericQueue", "GenericQueue\GenericQueue.csproj", "{1F3D378B-C7E5-4305-8C72-2FC06D500412}"
EndProject
Global
	GlobalSection(SolutionConfigurationPlatforms) = preSolution
		Debug|Any CPU = Debug|Any CPU
		Release|Any CPU = Release|Any CPU
	EndGlobalSection
	GlobalSection(ProjectConfigurationPlatforms) = postSolution
		{1F3D378B-C7E5-4305-8C72-2FC06D500412}.Debug|Any CPU.ActiveCfg = Debug|Any CPU
		{1F3D378B-C7E5-4305-8C72-2FC06D500412}.Debug|Any CPU.Build.0 = Debug|Any CPU
		{1F3D378B-C7E5-4305-8C72-2FC06D500412}.Release|Any CPU.ActiveCfg = Release|Any CPU
		{1F3D378B-C7E5-4305-8C72-2FC06D500412}.Release|Any CPU.Build.0 = Release|Any CPU
	EndGlobalSection
	GlobalSection(SolutionProperties) = preSolution
		HideSolutionNode = FALSE
	EndGlobalSection
	GlobalSection(ExtensibilityGlobals) = postSolution
		SolutionGuid = {703628FF-2E27-40E8-8FF0-EFF0FBF5A2CD}
	EndGlobalSection
EndGlobal
